
Microsoft Visual Studio Solution File, Format Version 12.00
# Visual Studio 15
VisualStudioVersion = 15.0.26403.7
MinimumVisualStudioVersion = 10.0.40219.1
Project("{FAE04EC0-301F-11D3-BF4B-00C04F79EFBC}") = "BCW.ConsoleGame", "BCW.ConsoleGame\BCW.ConsoleGame.csproj", "{DB8107C0-D945-4AE0-8B62-FEF86696D549}"
EndProject
Project("{FAE04EC0-301F-11D3-BF4B-00C04F79EFBC}") = "BCW.ConsoleGame.JsonData", "BCW.ConsoleGame.JsonData\BCW.ConsoleGame.JsonData.csproj", "{49D82D55-75CE-41EA-985F-EC0C09B267EE}"
EndProject
Project("{FAE04EC0-301F-11D3-BF4B-00C04F79EFBC}") = "BCW.ConsoleGame.Tests", "BCW.ConsoleGame.Tests\BCW.ConsoleGame.Tests.csproj", "{F975CD5D-EB34-4DCC-A5A5-4D6BE31661D4}"
EndProject
Global
	GlobalSection(SolutionConfigurationPlatforms) = preSolution
		Debug|Any CPU = Debug|Any CPU
		Release|Any CPU = Release|Any CPU
	EndGlobalSection
	GlobalSection(ProjectConfigurationPlatforms) = postSolution
		{DB8107C0-D945-4AE0-8B62-FEF86696D549}.Debug|Any CPU.ActiveCfg = Debug|Any CPU
		{DB8107C0-D945-4AE0-8B62-FEF86696D549}.Debug|Any CPU.Build.0 = Debug|Any CPU
		{DB8107C0-D945-4AE0-8B62-FEF86696D549}.Release|Any CPU.ActiveCfg = Release|Any CPU
		{DB8107C0-D945-4AE0-8B62-FEF86696D549}.Release|Any CPU.Build.0 = Release|Any CPU
		{49D82D55-75CE-41EA-985F-EC0C09B267EE}.Debug|Any CPU.ActiveCfg = Debug|Any CPU
		{49D82D55-75CE-41EA-985F-EC0C09B267EE}.Debug|Any CPU.Build.0 = Debug|Any CPU
		{49D82D55-75CE-41EA-985F-EC0C09B267EE}.Release|Any CPU.ActiveCfg = Release|Any CPU
		{49D82D55-75CE-41EA-985F-EC0C09B267EE}.Release|Any CPU.Build.0 = Release|Any CPU
		{F975CD5D-EB34-4DCC-A5A5-4D6BE31661D4}.Debug|Any CPU.ActiveCfg = Debug|Any CPU
		{F975CD5D-EB34-4DCC-A5A5-4D6BE31661D4}.Debug|Any CPU.Build.0 = Debug|Any CPU
		{F975CD5D-EB34-4DCC-A5A5-4D6BE31661D4}.Release|Any CPU.ActiveCfg = Release|Any CPU
		{F975CD5D-EB34-4DCC-A5A5-4D6BE31661D4}.Release|Any CPU.Build.0 = Release|Any CPU
	EndGlobalSection
	GlobalSection(SolutionProperties) = preSolution
		HideSolutionNode = FALSE
	EndGlobalSection
EndGlobal
